
Microsoft Visual Studio Solution File, Format Version 12.00
# Visual Studio Version 17
VisualStudioVersion = 17.4.33213.308
MinimumVisualStudioVersion = 10.0.40219.1
Project("{FAE04EC0-301F-11D3-BF4B-00C04F79EFBC}") = "ZeroHungerAssignment", "ZeroHungerAssignment.csproj", "{F5FD8081-DF4C-4019-9883-CD3C3FC38052}"
EndProject
Global
	GlobalSection(SolutionConfigurationPlatforms) = preSolution
		Debug|Any CPU = Debug|Any CPU
		Release|Any CPU = Release|Any CPU
	EndGlobalSection
	GlobalSection(ProjectConfigurationPlatforms) = postSolution
		{F5FD8081-DF4C-4019-9883-CD3C3FC38052}.Debug|Any CPU.ActiveCfg = Debug|Any CPU
		{F5FD8081-DF4C-4019-9883-CD3C3FC38052}.Debug|Any CPU.Build.0 = Debug|Any CPU
		{F5FD8081-DF4C-4019-9883-CD3C3FC38052}.Release|Any CPU.ActiveCfg = Release|Any CPU
		{F5FD8081-DF4C-4019-9883-CD3C3FC38052}.Release|Any CPU.Build.0 = Release|Any CPU
	EndGlobalSection
	GlobalSection(SolutionProperties) = preSolution
		HideSolutionNode = FALSE
	EndGlobalSection
	GlobalSection(ExtensibilityGlobals) = postSolution
		SolutionGuid = {F66A36D3-2A01-4F72-AF19-3583BE99379B}
	EndGlobalSection
EndGlobal
